// !$*UTF8*$!
{
	archiveVersion = 1;
	classes = {
	};
	objectVersion = 51;
	objects = {

/* Begin PBXBuildFile section */
		5D659147CC68C3033679FAAB /* Pods_InstaRecipeTests.framework in Frameworks */ = {isa = PBXBuildFile; fileRef = BF528C38712C444F20BA4FD0 /* Pods_InstaRecipeTests.framework */; };
		5E5B3C91262FAAE800E7F6CD /* LoginViewController.swift in Sources */ = {isa = PBXBuildFile; fileRef = 5E5B3C90262FAAE800E7F6CD /* LoginViewController.swift */; };
		5E5B3C96262FAB2900E7F6CD /* FeedViewController.swift in Sources */ = {isa = PBXBuildFile; fileRef = 5E5B3C95262FAB2900E7F6CD /* FeedViewController.swift */; };
		5E5B3C9B262FC77200E7F6CD /* SignUpViewController.swift in Sources */ = {isa = PBXBuildFile; fileRef = 5E5B3C9A262FC77200E7F6CD /* SignUpViewController.swift */; };
		5ED828A42628CC09009F296C /* AppDelegate.swift in Sources */ = {isa = PBXBuildFile; fileRef = 5ED828A32628CC09009F296C /* AppDelegate.swift */; };
		5ED828A62628CC09009F296C /* SceneDelegate.swift in Sources */ = {isa = PBXBuildFile; fileRef = 5ED828A52628CC09009F296C /* SceneDelegate.swift */; };
		5ED828AB2628CC09009F296C /* Main.storyboard in Resources */ = {isa = PBXBuildFile; fileRef = 5ED828A92628CC09009F296C /* Main.storyboard */; };
		5ED828AD2628CC09009F296C /* Assets.xcassets in Resources */ = {isa = PBXBuildFile; fileRef = 5ED828AC2628CC09009F296C /* Assets.xcassets */; };
		5ED828B02628CC09009F296C /* LaunchScreen.storyboard in Resources */ = {isa = PBXBuildFile; fileRef = 5ED828AE2628CC09009F296C /* LaunchScreen.storyboard */; };
		5ED828BB2628CC0A009F296C /* InstaRecipeTests.swift in Sources */ = {isa = PBXBuildFile; fileRef = 5ED828BA2628CC0A009F296C /* InstaRecipeTests.swift */; };
		5ED828C62628CC0A009F296C /* InstaRecipeUITests.swift in Sources */ = {isa = PBXBuildFile; fileRef = 5ED828C52628CC0A009F296C /* InstaRecipeUITests.swift */; };
		83A2B105A2CBD6AC46DE29DA /* Pods_InstaRecipe.framework in Frameworks */ = {isa = PBXBuildFile; fileRef = E3094AEB10B77EFB2C189931 /* Pods_InstaRecipe.framework */; };
		CFC390522639F1C600D758F4 /* RecipeCell.swift in Sources */ = {isa = PBXBuildFile; fileRef = CFC390512639F1C600D758F4 /* RecipeCell.swift */; };
		F9ADCC3F7A2265272370C51C /* Pods_InstaRecipe_InstaRecipeUITests.framework in Frameworks */ = {isa = PBXBuildFile; fileRef = 99AF51D2B7DA194821B87461 /* Pods_InstaRecipe_InstaRecipeUITests.framework */; };
/* End PBXBuildFile section */

/* Begin PBXContainerItemProxy section */
		5ED828B72628CC0A009F296C /* PBXContainerItemProxy */ = {
			isa = PBXContainerItemProxy;
			containerPortal = 5ED828982628CC09009F296C /* Project object */;
			proxyType = 1;
			remoteGlobalIDString = 5ED8289F2628CC09009F296C;
			remoteInfo = InstaRecipe;
		};
		5ED828C22628CC0A009F296C /* PBXContainerItemProxy */ = {
			isa = PBXContainerItemProxy;
			containerPortal = 5ED828982628CC09009F296C /* Project object */;
			proxyType = 1;
			remoteGlobalIDString = 5ED8289F2628CC09009F296C;
			remoteInfo = InstaRecipe;
		};
/* End PBXContainerItemProxy section */

/* Begin PBXFileReference section */
		09FB5C22BFACE0AA76396207 /* Pods-InstaRecipe.release.xcconfig */ = {isa = PBXFileReference; includeInIndex = 1; lastKnownFileType = text.xcconfig; name = "Pods-InstaRecipe.release.xcconfig"; path = "Target Support Files/Pods-InstaRecipe/Pods-InstaRecipe.release.xcconfig"; sourceTree = "<group>"; };
		367E6EA22EB2CB11461B6D83 /* Pods-InstaRecipeTests.release.xcconfig */ = {isa = PBXFileReference; includeInIndex = 1; lastKnownFileType = text.xcconfig; name = "Pods-InstaRecipeTests.release.xcconfig"; path = "Target Support Files/Pods-InstaRecipeTests/Pods-InstaRecipeTests.release.xcconfig"; sourceTree = "<group>"; };
		48D63A5144D613585E9F3B6F /* Pods-InstaRecipe-InstaRecipeUITests.debug.xcconfig */ = {isa = PBXFileReference; includeInIndex = 1; lastKnownFileType = text.xcconfig; name = "Pods-InstaRecipe-InstaRecipeUITests.debug.xcconfig"; path = "Target Support Files/Pods-InstaRecipe-InstaRecipeUITests/Pods-InstaRecipe-InstaRecipeUITests.debug.xcconfig"; sourceTree = "<group>"; };
		5E5B3C90262FAAE800E7F6CD /* LoginViewController.swift */ = {isa = PBXFileReference; lastKnownFileType = sourcecode.swift; path = LoginViewController.swift; sourceTree = "<group>"; };
		5E5B3C95262FAB2900E7F6CD /* FeedViewController.swift */ = {isa = PBXFileReference; lastKnownFileType = sourcecode.swift; path = FeedViewController.swift; sourceTree = "<group>"; };
		5E5B3C9A262FC77200E7F6CD /* SignUpViewController.swift */ = {isa = PBXFileReference; lastKnownFileType = sourcecode.swift; path = SignUpViewController.swift; sourceTree = "<group>"; };
		5ED828A02628CC09009F296C /* InstaRecipe.app */ = {isa = PBXFileReference; explicitFileType = wrapper.application; includeInIndex = 0; path = InstaRecipe.app; sourceTree = BUILT_PRODUCTS_DIR; };
		5ED828A32628CC09009F296C /* AppDelegate.swift */ = {isa = PBXFileReference; lastKnownFileType = sourcecode.swift; path = AppDelegate.swift; sourceTree = "<group>"; };
		5ED828A52628CC09009F296C /* SceneDelegate.swift */ = {isa = PBXFileReference; lastKnownFileType = sourcecode.swift; path = SceneDelegate.swift; sourceTree = "<group>"; };
		5ED828AA2628CC09009F296C /* Base */ = {isa = PBXFileReference; lastKnownFileType = file.storyboard; name = Base; path = Base.lproj/Main.storyboard; sourceTree = "<group>"; };
		5ED828AC2628CC09009F296C /* Assets.xcassets */ = {isa = PBXFileReference; lastKnownFileType = folder.assetcatalog; path = Assets.xcassets; sourceTree = "<group>"; };
		5ED828AF2628CC09009F296C /* Base */ = {isa = PBXFileReference; lastKnownFileType = file.storyboard; name = Base; path = Base.lproj/LaunchScreen.storyboard; sourceTree = "<group>"; };
		5ED828B12628CC09009F296C /* Info.plist */ = {isa = PBXFileReference; lastKnownFileType = text.plist.xml; path = Info.plist; sourceTree = "<group>"; };
		5ED828B62628CC0A009F296C /* InstaRecipeTests.xctest */ = {isa = PBXFileReference; explicitFileType = wrapper.cfbundle; includeInIndex = 0; path = InstaRecipeTests.xctest; sourceTree = BUILT_PRODUCTS_DIR; };
		5ED828BA2628CC0A009F296C /* InstaRecipeTests.swift */ = {isa = PBXFileReference; lastKnownFileType = sourcecode.swift; path = InstaRecipeTests.swift; sourceTree = "<group>"; };
		5ED828BC2628CC0A009F296C /* Info.plist */ = {isa = PBXFileReference; lastKnownFileType = text.plist.xml; path = Info.plist; sourceTree = "<group>"; };
		5ED828C12628CC0A009F296C /* InstaRecipeUITests.xctest */ = {isa = PBXFileReference; explicitFileType = wrapper.cfbundle; includeInIndex = 0; path = InstaRecipeUITests.xctest; sourceTree = BUILT_PRODUCTS_DIR; };
		5ED828C52628CC0A009F296C /* InstaRecipeUITests.swift */ = {isa = PBXFileReference; lastKnownFileType = sourcecode.swift; path = InstaRecipeUITests.swift; sourceTree = "<group>"; };
		5ED828C72628CC0A009F296C /* Info.plist */ = {isa = PBXFileReference; lastKnownFileType = text.plist.xml; path = Info.plist; sourceTree = "<group>"; };
		835C4E1EC2315D21A6D5F22D /* Pods-InstaRecipe.debug.xcconfig */ = {isa = PBXFileReference; includeInIndex = 1; lastKnownFileType = text.xcconfig; name = "Pods-InstaRecipe.debug.xcconfig"; path = "Target Support Files/Pods-InstaRecipe/Pods-InstaRecipe.debug.xcconfig"; sourceTree = "<group>"; };
		99AF51D2B7DA194821B87461 /* Pods_InstaRecipe_InstaRecipeUITests.framework */ = {isa = PBXFileReference; explicitFileType = wrapper.framework; includeInIndex = 0; path = Pods_InstaRecipe_InstaRecipeUITests.framework; sourceTree = BUILT_PRODUCTS_DIR; };
		BF528C38712C444F20BA4FD0 /* Pods_InstaRecipeTests.framework */ = {isa = PBXFileReference; explicitFileType = wrapper.framework; includeInIndex = 0; path = Pods_InstaRecipeTests.framework; sourceTree = BUILT_PRODUCTS_DIR; };
		C17DE801DF83D6A5655B9E5B /* Pods-InstaRecipeTests.debug.xcconfig */ = {isa = PBXFileReference; includeInIndex = 1; lastKnownFileType = text.xcconfig; name = "Pods-InstaRecipeTests.debug.xcconfig"; path = "Target Support Files/Pods-InstaRecipeTests/Pods-InstaRecipeTests.debug.xcconfig"; sourceTree = "<group>"; };
		CFC390512639F1C600D758F4 /* RecipeCell.swift */ = {isa = PBXFileReference; lastKnownFileType = sourcecode.swift; path = RecipeCell.swift; sourceTree = "<group>"; };
		D3F558DBC266093DDEDCE922 /* Pods-InstaRecipe-InstaRecipeUITests.release.xcconfig */ = {isa = PBXFileReference; includeInIndex = 1; lastKnownFileType = text.xcconfig; name = "Pods-InstaRecipe-InstaRecipeUITests.release.xcconfig"; path = "Target Support Files/Pods-InstaRecipe-InstaRecipeUITests/Pods-InstaRecipe-InstaRecipeUITests.release.xcconfig"; sourceTree = "<group>"; };
		E3094AEB10B77EFB2C189931 /* Pods_InstaRecipe.framework */ = {isa = PBXFileReference; explicitFileType = wrapper.framework; includeInIndex = 0; path = Pods_InstaRecipe.framework; sourceTree = BUILT_PRODUCTS_DIR; };
/* End PBXFileReference section */

/* Begin PBXFrameworksBuildPhase section */
		5ED8289D2628CC09009F296C /* Frameworks */ = {
			isa = PBXFrameworksBuildPhase;
			buildActionMask = 2147483647;
			files = (
				83A2B105A2CBD6AC46DE29DA /* Pods_InstaRecipe.framework in Frameworks */,
			);
			runOnlyForDeploymentPostprocessing = 0;
		};
		5ED828B32628CC0A009F296C /* Frameworks */ = {
			isa = PBXFrameworksBuildPhase;
			buildActionMask = 2147483647;
			files = (
				5D659147CC68C3033679FAAB /* Pods_InstaRecipeTests.framework in Frameworks */,
			);
			runOnlyForDeploymentPostprocessing = 0;
		};
		5ED828BE2628CC0A009F296C /* Frameworks */ = {
			isa = PBXFrameworksBuildPhase;
			buildActionMask = 2147483647;
			files = (
				F9ADCC3F7A2265272370C51C /* Pods_InstaRecipe_InstaRecipeUITests.framework in Frameworks */,
			);
			runOnlyForDeploymentPostprocessing = 0;
		};
/* End PBXFrameworksBuildPhase section */

/* Begin PBXGroup section */
		38671B9E00578FD0B93E76D5 /* Pods */ = {
			isa = PBXGroup;
			children = (
				835C4E1EC2315D21A6D5F22D /* Pods-InstaRecipe.debug.xcconfig */,
				09FB5C22BFACE0AA76396207 /* Pods-InstaRecipe.release.xcconfig */,
				48D63A5144D613585E9F3B6F /* Pods-InstaRecipe-InstaRecipeUITests.debug.xcconfig */,
				D3F558DBC266093DDEDCE922 /* Pods-InstaRecipe-InstaRecipeUITests.release.xcconfig */,
				C17DE801DF83D6A5655B9E5B /* Pods-InstaRecipeTests.debug.xcconfig */,
				367E6EA22EB2CB11461B6D83 /* Pods-InstaRecipeTests.release.xcconfig */,
			);
			path = Pods;
			sourceTree = "<group>";
		};
		5ED828972628CC09009F296C = {
			isa = PBXGroup;
			children = (
				5ED828A22628CC09009F296C /* InstaRecipe */,
				5ED828B92628CC0A009F296C /* InstaRecipeTests */,
				5ED828C42628CC0A009F296C /* InstaRecipeUITests */,
				5ED828A12628CC09009F296C /* Products */,
				38671B9E00578FD0B93E76D5 /* Pods */,
				6ECA15B5C81F639A09F0CEBE /* Frameworks */,
			);
			sourceTree = "<group>";
		};
		5ED828A12628CC09009F296C /* Products */ = {
			isa = PBXGroup;
			children = (
				5ED828A02628CC09009F296C /* InstaRecipe.app */,
				5ED828B62628CC0A009F296C /* InstaRecipeTests.xctest */,
				5ED828C12628CC0A009F296C /* InstaRecipeUITests.xctest */,
			);
			name = Products;
			sourceTree = "<group>";
		};
		5ED828A22628CC09009F296C /* InstaRecipe */ = {
			isa = PBXGroup;
			children = (
				5ED828A32628CC09009F296C /* AppDelegate.swift */,
				5ED828A52628CC09009F296C /* SceneDelegate.swift */,
				5E5B3C90262FAAE800E7F6CD /* LoginViewController.swift */,
				5E5B3C95262FAB2900E7F6CD /* FeedViewController.swift */,
				5ED828A92628CC09009F296C /* Main.storyboard */,
				5E5B3C9A262FC77200E7F6CD /* SignUpViewController.swift */,
				5ED828AC2628CC09009F296C /* Assets.xcassets */,
				5ED828AE2628CC09009F296C /* LaunchScreen.storyboard */,
				5ED828B12628CC09009F296C /* Info.plist */,
				CFC390512639F1C600D758F4 /* RecipeCell.swift */,
			);
			path = InstaRecipe;
			sourceTree = "<group>";
		};
		5ED828B92628CC0A009F296C /* InstaRecipeTests */ = {
			isa = PBXGroup;
			children = (
				5ED828BA2628CC0A009F296C /* InstaRecipeTests.swift */,
				5ED828BC2628CC0A009F296C /* Info.plist */,
			);
			path = InstaRecipeTests;
			sourceTree = "<group>";
		};
		5ED828C42628CC0A009F296C /* InstaRecipeUITests */ = {
			isa = PBXGroup;
			children = (
				5ED828C52628CC0A009F296C /* InstaRecipeUITests.swift */,
				5ED828C72628CC0A009F296C /* Info.plist */,
			);
			path = InstaRecipeUITests;
			sourceTree = "<group>";
		};
		6ECA15B5C81F639A09F0CEBE /* Frameworks */ = {
			isa = PBXGroup;
			children = (
				E3094AEB10B77EFB2C189931 /* Pods_InstaRecipe.framework */,
				99AF51D2B7DA194821B87461 /* Pods_InstaRecipe_InstaRecipeUITests.framework */,
				BF528C38712C444F20BA4FD0 /* Pods_InstaRecipeTests.framework */,
			);
			name = Frameworks;
			sourceTree = "<group>";
		};
/* End PBXGroup section */

/* Begin PBXNativeTarget section */
		5ED8289F2628CC09009F296C /* InstaRecipe */ = {
			isa = PBXNativeTarget;
			buildConfigurationList = 5ED828CA2628CC0A009F296C /* Build configuration list for PBXNativeTarget "InstaRecipe" */;
			buildPhases = (
				AB24DA10944A8632C1F96697 /* [CP] Check Pods Manifest.lock */,
				5ED8289C2628CC09009F296C /* Sources */,
				5ED8289D2628CC09009F296C /* Frameworks */,
				5ED8289E2628CC09009F296C /* Resources */,
				02F0C0174A1AED25F1EE12AD /* [CP] Embed Pods Frameworks */,
			);
			buildRules = (
			);
			dependencies = (
			);
			name = InstaRecipe;
			productName = InstaRecipe;
			productReference = 5ED828A02628CC09009F296C /* InstaRecipe.app */;
			productType = "com.apple.product-type.application";
		};
		5ED828B52628CC0A009F296C /* InstaRecipeTests */ = {
			isa = PBXNativeTarget;
			buildConfigurationList = 5ED828CD2628CC0A009F296C /* Build configuration list for PBXNativeTarget "InstaRecipeTests" */;
			buildPhases = (
				A7E127643707115D07C3D965 /* [CP] Check Pods Manifest.lock */,
				5ED828B22628CC0A009F296C /* Sources */,
				5ED828B32628CC0A009F296C /* Frameworks */,
				5ED828B42628CC0A009F296C /* Resources */,
			);
			buildRules = (
			);
			dependencies = (
				5ED828B82628CC0A009F296C /* PBXTargetDependency */,
			);
			name = InstaRecipeTests;
			productName = InstaRecipeTests;
			productReference = 5ED828B62628CC0A009F296C /* InstaRecipeTests.xctest */;
			productType = "com.apple.product-type.bundle.unit-test";
		};
		5ED828C02628CC0A009F296C /* InstaRecipeUITests */ = {
			isa = PBXNativeTarget;
			buildConfigurationList = 5ED828D02628CC0A009F296C /* Build configuration list for PBXNativeTarget "InstaRecipeUITests" */;
			buildPhases = (
				C7A5A935941702DAA0338AF5 /* [CP] Check Pods Manifest.lock */,
				5ED828BD2628CC0A009F296C /* Sources */,
				5ED828BE2628CC0A009F296C /* Frameworks */,
				5ED828BF2628CC0A009F296C /* Resources */,
				C7D212EEF018F1D87F93D387 /* [CP] Embed Pods Frameworks */,
			);
			buildRules = (
			);
			dependencies = (
				5ED828C32628CC0A009F296C /* PBXTargetDependency */,
			);
			name = InstaRecipeUITests;
			productName = InstaRecipeUITests;
			productReference = 5ED828C12628CC0A009F296C /* InstaRecipeUITests.xctest */;
			productType = "com.apple.product-type.bundle.ui-testing";
		};
/* End PBXNativeTarget section */

/* Begin PBXProject section */
		5ED828982628CC09009F296C /* Project object */ = {
			isa = PBXProject;
			attributes = {
				LastSwiftUpdateCheck = 1240;
				LastUpgradeCheck = 1240;
				TargetAttributes = {
					5ED8289F2628CC09009F296C = {
						CreatedOnToolsVersion = 12.4;
					};
					5ED828B52628CC0A009F296C = {
						CreatedOnToolsVersion = 12.4;
						TestTargetID = 5ED8289F2628CC09009F296C;
					};
					5ED828C02628CC0A009F296C = {
						CreatedOnToolsVersion = 12.4;
						TestTargetID = 5ED8289F2628CC09009F296C;
					};
				};
			};
			buildConfigurationList = 5ED8289B2628CC09009F296C /* Build configuration list for PBXProject "InstaRecipe" */;
			compatibilityVersion = "Xcode 9.3";
			developmentRegion = en;
			hasScannedForEncodings = 0;
			knownRegions = (
				en,
				Base,
			);
			mainGroup = 5ED828972628CC09009F296C;
			productRefGroup = 5ED828A12628CC09009F296C /* Products */;
			projectDirPath = "";
			projectRoot = "";
			targets = (
				5ED8289F2628CC09009F296C /* InstaRecipe */,
				5ED828B52628CC0A009F296C /* InstaRecipeTests */,
				5ED828C02628CC0A009F296C /* InstaRecipeUITests */,
			);
		};
/* End PBXProject section */

/* Begin PBXResourcesBuildPhase section */
		5ED8289E2628CC09009F296C /* Resources */ = {
			isa = PBXResourcesBuildPhase;
			buildActionMask = 2147483647;
			files = (
				5ED828B02628CC09009F296C /* LaunchScreen.storyboard in Resources */,
				5ED828AD2628CC09009F296C /* Assets.xcassets in Resources */,
				5ED828AB2628CC09009F296C /* Main.storyboard in Resources */,
			);
			runOnlyForDeploymentPostprocessing = 0;
		};
		5ED828B42628CC0A009F296C /* Resources */ = {
			isa = PBXResourcesBuildPhase;
			buildActionMask = 2147483647;
			files = (
			);
			runOnlyForDeploymentPostprocessing = 0;
		};
		5ED828BF2628CC0A009F296C /* Resources */ = {
			isa = PBXResourcesBuildPhase;
			buildActionMask = 2147483647;
			files = (
			);
			runOnlyForDeploymentPostprocessing = 0;
		};
/* End PBXResourcesBuildPhase section */

/* Begin PBXShellScriptBuildPhase section */
		02F0C0174A1AED25F1EE12AD /* [CP] Embed Pods Frameworks */ = {
			isa = PBXShellScriptBuildPhase;
			buildActionMask = 2147483647;
			files = (
			);
			inputFileListPaths = (
				"${PODS_ROOT}/Target Support Files/Pods-InstaRecipe/Pods-InstaRecipe-frameworks-${CONFIGURATION}-input-files.xcfilelist",
			);
			name = "[CP] Embed Pods Frameworks";
			outputFileListPaths = (
				"${PODS_ROOT}/Target Support Files/Pods-InstaRecipe/Pods-InstaRecipe-frameworks-${CONFIGURATION}-output-files.xcfilelist",
			);
			runOnlyForDeploymentPostprocessing = 0;
			shellPath = /bin/sh;
			shellScript = "\"${PODS_ROOT}/Target Support Files/Pods-InstaRecipe/Pods-InstaRecipe-frameworks.sh\"\n";
			showEnvVarsInLog = 0;
		};
		A7E127643707115D07C3D965 /* [CP] Check Pods Manifest.lock */ = {
			isa = PBXShellScriptBuildPhase;
			buildActionMask = 2147483647;
			files = (
			);
			inputFileListPaths = (
			);
			inputPaths = (
				"${PODS_PODFILE_DIR_PATH}/Podfile.lock",
				"${PODS_ROOT}/Manifest.lock",
			);
			name = "[CP] Check Pods Manifest.lock";
			outputFileListPaths = (
			);
			outputPaths = (
				"$(DERIVED_FILE_DIR)/Pods-InstaRecipeTests-checkManifestLockResult.txt",
			);
			runOnlyForDeploymentPostprocessing = 0;
			shellPath = /bin/sh;
			shellScript = "diff \"${PODS_PODFILE_DIR_PATH}/Podfile.lock\" \"${PODS_ROOT}/Manifest.lock\" > /dev/null\nif [ $? != 0 ] ; then\n    # print error to STDERR\n    echo \"error: The sandbox is not in sync with the Podfile.lock. Run 'pod install' or update your CocoaPods installation.\" >&2\n    exit 1\nfi\n# This output is used by Xcode 'outputs' to avoid re-running this script phase.\necho \"SUCCESS\" > \"${SCRIPT_OUTPUT_FILE_0}\"\n";
			showEnvVarsInLog = 0;
		};
		AB24DA10944A8632C1F96697 /* [CP] Check Pods Manifest.lock */ = {
			isa = PBXShellScriptBuildPhase;
			buildActionMask = 2147483647;
			files = (
			);
			inputFileListPaths = (
			);
			inputPaths = (
				"${PODS_PODFILE_DIR_PATH}/Podfile.lock",
				"${PODS_ROOT}/Manifest.lock",
			);
			name = "[CP] Check Pods Manifest.lock";
			outputFileListPaths = (
			);
			outputPaths = (
				"$(DERIVED_FILE_DIR)/Pods-InstaRecipe-checkManifestLockResult.txt",
			);
			runOnlyForDeploymentPostprocessing = 0;
			shellPath = /bin/sh;
			shellScript = "diff \"${PODS_PODFILE_DIR_PATH}/Podfile.lock\" \"${PODS_ROOT}/Manifest.lock\" > /dev/null\nif [ $? != 0 ] ; then\n    # print error to STDERR\n    echo \"error: The sandbox is not in sync with the Podfile.lock. Run 'pod install' or update your CocoaPods installation.\" >&2\n    exit 1\nfi\n# This output is used by Xcode 'outputs' to avoid re-running this script phase.\necho \"SUCCESS\" > \"${SCRIPT_OUTPUT_FILE_0}\"\n";
			showEnvVarsInLog = 0;
		};
		C7A5A935941702DAA0338AF5 /* [CP] Check Pods Manifest.lock */ = {
			isa = PBXShellScriptBuildPhase;
			buildActionMask = 2147483647;
			files = (
			);
			inputFileListPaths = (
			);
			inputPaths = (
				"${PODS_PODFILE_DIR_PATH}/Podfile.lock",
				"${PODS_ROOT}/Manifest.lock",
			);
			name = "[CP] Check Pods Manifest.lock";
			outputFileListPaths = (
			);
			outputPaths = (
				"$(DERIVED_FILE_DIR)/Pods-InstaRecipe-InstaRecipeUITests-checkManifestLockResult.txt",
			);
			runOnlyForDeploymentPostprocessing = 0;
			shellPath = /bin/sh;
			shellScript = "diff \"${PODS_PODFILE_DIR_PATH}/Podfile.lock\" \"${PODS_ROOT}/Manifest.lock\" > /dev/null\nif [ $? != 0 ] ; then\n    # print error to STDERR\n    echo \"error: The sandbox is not in sync with the Podfile.lock. Run 'pod install' or update your CocoaPods installation.\" >&2\n    exit 1\nfi\n# This output is used by Xcode 'outputs' to avoid re-running this script phase.\necho \"SUCCESS\" > \"${SCRIPT_OUTPUT_FILE_0}\"\n";
			showEnvVarsInLog = 0;
		};
		C7D212EEF018F1D87F93D387 /* [CP] Embed Pods Frameworks */ = {
			isa = PBXShellScriptBuildPhase;
			buildActionMask = 2147483647;
			files = (
			);
			inputFileListPaths = (
				"${PODS_ROOT}/Target Support Files/Pods-InstaRecipe-InstaRecipeUITests/Pods-InstaRecipe-InstaRecipeUITests-frameworks-${CONFIGURATION}-input-files.xcfilelist",
			);
			name = "[CP] Embed Pods Frameworks";
			outputFileListPaths = (
				"${PODS_ROOT}/Target Support Files/Pods-InstaRecipe-InstaRecipeUITests/Pods-InstaRecipe-InstaRecipeUITests-frameworks-${CONFIGURATION}-output-files.xcfilelist",
			);
			runOnlyForDeploymentPostprocessing = 0;
			shellPath = /bin/sh;
			shellScript = "\"${PODS_ROOT}/Target Support Files/Pods-InstaRecipe-InstaRecipeUITests/Pods-InstaRecipe-InstaRecipeUITests-frameworks.sh\"\n";
			showEnvVarsInLog = 0;
		};
/* End PBXShellScriptBuildPhase section */

/* Begin PBXSourcesBuildPhase section */
		5ED8289C2628CC09009F296C /* Sources */ = {
			isa = PBXSourcesBuildPhase;
			buildActionMask = 2147483647;
			files = (
				5E5B3C91262FAAE800E7F6CD /* LoginViewController.swift in Sources */,
				5ED828A42628CC09009F296C /* AppDelegate.swift in Sources */,
				5E5B3C96262FAB2900E7F6CD /* FeedViewController.swift in Sources */,
				CFC390522639F1C600D758F4 /* RecipeCell.swift in Sources */,
				5ED828A62628CC09009F296C /* SceneDelegate.swift in Sources */,
				5E5B3C9B262FC77200E7F6CD /* SignUpViewController.swift in Sources */,
			);
			runOnlyForDeploymentPostprocessing = 0;
		};
		5ED828B22628CC0A009F296C /* Sources */ = {
			isa = PBXSourcesBuildPhase;
			buildActionMask = 2147483647;
			files = (
				5ED828BB2628CC0A009F296C /* InstaRecipeTests.swift in Sources */,
			);
			runOnlyForDeploymentPostprocessing = 0;
		};
		5ED828BD2628CC0A009F296C /* Sources */ = {
			isa = PBXSourcesBuildPhase;
			buildActionMask = 2147483647;
			files = (
				5ED828C62628CC0A009F296C /* InstaRecipeUITests.swift in Sources */,
			);
			runOnlyForDeploymentPostprocessing = 0;
		};
/* End PBXSourcesBuildPhase section */

/* Begin PBXTargetDependency section */
		5ED828B82628CC0A009F296C /* PBXTargetDependency */ = {
			isa = PBXTargetDependency;
			target = 5ED8289F2628CC09009F296C /* InstaRecipe */;
			targetProxy = 5ED828B72628CC0A009F296C /* PBXContainerItemProxy */;
		};
		5ED828C32628CC0A009F296C /* PBXTargetDependency */ = {
			isa = PBXTargetDependency;
			target = 5ED8289F2628CC09009F296C /* InstaRecipe */;
			targetProxy = 5ED828C22628CC0A009F296C /* PBXContainerItemProxy */;
		};
/* End PBXTargetDependency section */

/* Begin PBXVariantGroup section */
		5ED828A92628CC09009F296C /* Main.storyboard */ = {
			isa = PBXVariantGroup;
			children = (
				5ED828AA2628CC09009F296C /* Base */,
			);
			name = Main.storyboard;
			sourceTree = "<group>";
		};
		5ED828AE2628CC09009F296C /* LaunchScreen.storyboard */ = {
			isa = PBXVariantGroup;
			children = (
				5ED828AF2628CC09009F296C /* Base */,
			);
			name = LaunchScreen.storyboard;
			sourceTree = "<group>";
		};
/* End PBXVariantGroup section */

/* Begin XCBuildConfiguration section */
		5ED828C82628CC0A009F296C /* Debug */ = {
			isa = XCBuildConfiguration;
			buildSettings = {
				ALWAYS_SEARCH_USER_PATHS = NO;
				CLANG_ANALYZER_NONNULL = YES;
				CLANG_ANALYZER_NUMBER_OBJECT_CONVERSION = YES_AGGRESSIVE;
				CLANG_CXX_LANGUAGE_STANDARD = "gnu++14";
				CLANG_CXX_LIBRARY = "libc++";
				CLANG_ENABLE_MODULES = YES;
				CLANG_ENABLE_OBJC_ARC = YES;
				CLANG_ENABLE_OBJC_WEAK = YES;
				CLANG_WARN_BLOCK_CAPTURE_AUTORELEASING = YES;
				CLANG_WARN_BOOL_CONVERSION = YES;
				CLANG_WARN_COMMA = YES;
				CLANG_WARN_CONSTANT_CONVERSION = YES;
				CLANG_WARN_DEPRECATED_OBJC_IMPLEMENTATIONS = YES;
				CLANG_WARN_DIRECT_OBJC_ISA_USAGE = YES_ERROR;
				CLANG_WARN_DOCUMENTATION_COMMENTS = YES;
				CLANG_WARN_EMPTY_BODY = YES;
				CLANG_WARN_ENUM_CONVERSION = YES;
				CLANG_WARN_INFINITE_RECURSION = YES;
				CLANG_WARN_INT_CONVERSION = YES;
				CLANG_WARN_NON_LITERAL_NULL_CONVERSION = YES;
				CLANG_WARN_OBJC_IMPLICIT_RETAIN_SELF = YES;
				CLANG_WARN_OBJC_LITERAL_CONVERSION = YES;
				CLANG_WARN_OBJC_ROOT_CLASS = YES_ERROR;
				CLANG_WARN_QUOTED_INCLUDE_IN_FRAMEWORK_HEADER = YES;
				CLANG_WARN_RANGE_LOOP_ANALYSIS = YES;
				CLANG_WARN_STRICT_PROTOTYPES = YES;
				CLANG_WARN_SUSPICIOUS_MOVE = YES;
				CLANG_WARN_UNGUARDED_AVAILABILITY = YES_AGGRESSIVE;
				CLANG_WARN_UNREACHABLE_CODE = YES;
				CLANG_WARN__DUPLICATE_METHOD_MATCH = YES;
				COPY_PHASE_STRIP = NO;
				DEBUG_INFORMATION_FORMAT = dwarf;
				ENABLE_STRICT_OBJC_MSGSEND = YES;
				ENABLE_TESTABILITY = YES;
				GCC_C_LANGUAGE_STANDARD = gnu11;
				GCC_DYNAMIC_NO_PIC = NO;
				GCC_NO_COMMON_BLOCKS = YES;
				GCC_OPTIMIZATION_LEVEL = 0;
				GCC_PREPROCESSOR_DEFINITIONS = (
					"DEBUG=1",
					"$(inherited)",
				);
				GCC_WARN_64_TO_32_BIT_CONVERSION = YES;
				GCC_WARN_ABOUT_RETURN_TYPE = YES_ERROR;
				GCC_WARN_UNDECLARED_SELECTOR = YES;
				GCC_WARN_UNINITIALIZED_AUTOS = YES_AGGRESSIVE;
				GCC_WARN_UNUSED_FUNCTION = YES;
				GCC_WARN_UNUSED_VARIABLE = YES;
				IPHONEOS_DEPLOYMENT_TARGET = 14.4;
				MTL_ENABLE_DEBUG_INFO = INCLUDE_SOURCE;
				MTL_FAST_MATH = YES;
				ONLY_ACTIVE_ARCH = YES;
				SDKROOT = iphoneos;
				SWIFT_ACTIVE_COMPILATION_CONDITIONS = DEBUG;
				SWIFT_OPTIMIZATION_LEVEL = "-Onone";
			};
			name = Debug;
		};
		5ED828C92628CC0A009F296C /* Release */ = {
			isa = XCBuildConfiguration;
			buildSettings = {
				ALWAYS_SEARCH_USER_PATHS = NO;
				CLANG_ANALYZER_NONNULL = YES;
				CLANG_ANALYZER_NUMBER_OBJECT_CONVERSION = YES_AGGRESSIVE;
				CLANG_CXX_LANGUAGE_STANDARD = "gnu++14";
				CLANG_CXX_LIBRARY = "libc++";
				CLANG_ENABLE_MODULES = YES;
				CLANG_ENABLE_OBJC_ARC = YES;
				CLANG_ENABLE_OBJC_WEAK = YES;
				CLANG_WARN_BLOCK_CAPTURE_AUTORELEASING = YES;
				CLANG_WARN_BOOL_CONVERSION = YES;
				CLANG_WARN_COMMA = YES;
				CLANG_WARN_CONSTANT_CONVERSION = YES;
				CLANG_WARN_DEPRECATED_OBJC_IMPLEMENTATIONS = YES;
				CLANG_WARN_DIRECT_OBJC_ISA_USAGE = YES_ERROR;
				CLANG_WARN_DOCUMENTATION_COMMENTS = YES;
				CLANG_WARN_EMPTY_BODY = YES;
				CLANG_WARN_ENUM_CONVERSION = YES;
				CLANG_WARN_INFINITE_RECURSION = YES;
				CLANG_WARN_INT_CONVERSION = YES;
				CLANG_WARN_NON_LITERAL_NULL_CONVERSION = YES;
				CLANG_WARN_OBJC_IMPLICIT_RETAIN_SELF = YES;
				CLANG_WARN_OBJC_LITERAL_CONVERSION = YES;
				CLANG_WARN_OBJC_ROOT_CLASS = YES_ERROR;
				CLANG_WARN_QUOTED_INCLUDE_IN_FRAMEWORK_HEADER = YES;
				CLANG_WARN_RANGE_LOOP_ANALYSIS = YES;
				CLANG_WARN_STRICT_PROTOTYPES = YES;
				CLANG_WARN_SUSPICIOUS_MOVE = YES;
				CLANG_WARN_UNGUARDED_AVAILABILITY = YES_AGGRESSIVE;
				CLANG_WARN_UNREACHABLE_CODE = YES;
				CLANG_WARN__DUPLICATE_METHOD_MATCH = YES;
				COPY_PHASE_STRIP = NO;
				DEBUG_INFORMATION_FORMAT = "dwarf-with-dsym";
				ENABLE_NS_ASSERTIONS = NO;
				ENABLE_STRICT_OBJC_MSGSEND = YES;
				GCC_C_LANGUAGE_STANDARD = gnu11;
				GCC_NO_COMMON_BLOCKS = YES;
				GCC_WARN_64_TO_32_BIT_CONVERSION = YES;
				GCC_WARN_ABOUT_RETURN_TYPE = YES_ERROR;
				GCC_WARN_UNDECLARED_SELECTOR = YES;
				GCC_WARN_UNINITIALIZED_AUTOS = YES_AGGRESSIVE;
				GCC_WARN_UNUSED_FUNCTION = YES;
				GCC_WARN_UNUSED_VARIABLE = YES;
				IPHONEOS_DEPLOYMENT_TARGET = 14.4;
				MTL_ENABLE_DEBUG_INFO = NO;
				MTL_FAST_MATH = YES;
				SDKROOT = iphoneos;
				SWIFT_COMPILATION_MODE = wholemodule;
				SWIFT_OPTIMIZATION_LEVEL = "-O";
				VALIDATE_PRODUCT = YES;
			};
			name = Release;
		};
		5ED828CB2628CC0A009F296C /* Debug */ = {
			isa = XCBuildConfiguration;
			baseConfigurationReference = 835C4E1EC2315D21A6D5F22D /* Pods-InstaRecipe.debug.xcconfig */;
			buildSettings = {
				ASSETCATALOG_COMPILER_APPICON_NAME = AppIcon;
				ASSETCATALOG_COMPILER_GLOBAL_ACCENT_COLOR_NAME = AccentColor;
				CODE_SIGN_STYLE = Automatic;
				INFOPLIST_FILE = InstaRecipe/Info.plist;
				LD_RUNPATH_SEARCH_PATHS = (
					"$(inherited)",
					"@executable_path/Frameworks",
				);
				PRODUCT_BUNDLE_IDENTIFIER = memo.com.InstaRecipe;
				PRODUCT_NAME = "$(TARGET_NAME)";
				SWIFT_VERSION = 5.0;
				TARGETED_DEVICE_FAMILY = "1,2";
			};
			name = Debug;
		};
		5ED828CC2628CC0A009F296C /* Release */ = {
			isa = XCBuildConfiguration;
			baseConfigurationReference = 09FB5C22BFACE0AA76396207 /* Pods-InstaRecipe.release.xcconfig */;
			buildSettings = {
				ASSETCATALOG_COMPILER_APPICON_NAME = AppIcon;
				ASSETCATALOG_COMPILER_GLOBAL_ACCENT_COLOR_NAME = AccentColor;
				CODE_SIGN_STYLE = Automatic;
				INFOPLIST_FILE = InstaRecipe/Info.plist;
				LD_RUNPATH_SEARCH_PATHS = (
					"$(inherited)",
					"@executable_path/Frameworks",
				);
				PRODUCT_BUNDLE_IDENTIFIER = memo.com.InstaRecipe;
				PRODUCT_NAME = "$(TARGET_NAME)";
				SWIFT_VERSION = 5.0;
				TARGETED_DEVICE_FAMILY = "1,2";
			};
			name = Release;
		};
		5ED828CE2628CC0A009F296C /* Debug */ = {
			isa = XCBuildConfiguration;
			baseConfigurationReference = C17DE801DF83D6A5655B9E5B /* Pods-InstaRecipeTests.debug.xcconfig */;
			buildSettings = {
				ALWAYS_EMBED_SWIFT_STANDARD_LIBRARIES = YES;
				BUNDLE_LOADER = "$(TEST_HOST)";
				CODE_SIGN_STYLE = Automatic;
				INFOPLIST_FILE = InstaRecipeTests/Info.plist;
				IPHONEOS_DEPLOYMENT_TARGET = 14.4;
				LD_RUNPATH_SEARCH_PATHS = (
					"$(inherited)",
					"@executable_path/Frameworks",
					"@loader_path/Frameworks",
				);
				PRODUCT_BUNDLE_IDENTIFIER = memo.com.InstaRecipeTests;
				PRODUCT_NAME = "$(TARGET_NAME)";
				SWIFT_VERSION = 5.0;
				TARGETED_DEVICE_FAMILY = "1,2";
				TEST_HOST = "$(BUILT_PRODUCTS_DIR)/InstaRecipe.app/InstaRecipe";
			};
			name = Debug;
		};
		5ED828CF2628CC0A009F296C /* Release */ = {
			isa = XCBuildConfiguration;
			baseConfigurationReference = 367E6EA22EB2CB11461B6D83 /* Pods-InstaRecipeTests.release.xcconfig */;
			buildSettings = {
				ALWAYS_EMBED_SWIFT_STANDARD_LIBRARIES = YES;
				BUNDLE_LOADER = "$(TEST_HOST)";
				CODE_SIGN_STYLE = Automatic;
				INFOPLIST_FILE = InstaRecipeTests/Info.plist;
				IPHONEOS_DEPLOYMENT_TARGET = 14.4;
				LD_RUNPATH_SEARCH_PATHS = (
					"$(inherited)",
					"@executable_path/Frameworks",
					"@loader_path/Frameworks",
				);
				PRODUCT_BUNDLE_IDENTIFIER = memo.com.InstaRecipeTests;
				PRODUCT_NAME = "$(TARGET_NAME)";
				SWIFT_VERSION = 5.0;
				TARGETED_DEVICE_FAMILY = "1,2";
				TEST_HOST = "$(BUILT_PRODUCTS_DIR)/InstaRecipe.app/InstaRecipe";
			};
			name = Release;
		};
		5ED828D12628CC0A009F296C /* Debug */ = {
			isa = XCBuildConfiguration;
			baseConfigurationReference = 48D63A5144D613585E9F3B6F /* Pods-InstaRecipe-InstaRecipeUITests.debug.xcconfig */;
			buildSettings = {
				ALWAYS_EMBED_SWIFT_STANDARD_LIBRARIES = YES;
				CODE_SIGN_STYLE = Automatic;
				INFOPLIST_FILE = InstaRecipeUITests/Info.plist;
				LD_RUNPATH_SEARCH_PATHS = (
					"$(inherited)",
					"@executable_path/Frameworks",
					"@loader_path/Frameworks",
				);
				PRODUCT_BUNDLE_IDENTIFIER = memo.com.InstaRecipeUITests;
				PRODUCT_NAME = "$(TARGET_NAME)";
				SWIFT_VERSION = 5.0;
				TARGETED_DEVICE_FAMILY = "1,2";
				TEST_TARGET_NAME = InstaRecipe;
			};
			name = Debug;
		};
		5ED828D22628CC0A009F296C /* Release */ = {
			isa = XCBuildConfiguration;
			baseConfigurationReference = D3F558DBC266093DDEDCE922 /* Pods-InstaRecipe-InstaRecipeUITests.release.xcconfig */;
			buildSettings = {
				ALWAYS_EMBED_SWIFT_STANDARD_LIBRARIES = YES;
				CODE_SIGN_STYLE = Automatic;
				INFOPLIST_FILE = InstaRecipeUITests/Info.plist;
				LD_RUNPATH_SEARCH_PATHS = (
					"$(inherited)",
					"@executable_path/Frameworks",
					"@loader_path/Frameworks",
				);
				PRODUCT_BUNDLE_IDENTIFIER = memo.com.InstaRecipeUITests;
				PRODUCT_NAME = "$(TARGET_NAME)";
				SWIFT_VERSION = 5.0;
				TARGETED_DEVICE_FAMILY = "1,2";
				TEST_TARGET_NAME = InstaRecipe;
			};
			name = Release;
		};
/* End XCBuildConfiguration section */

/* Begin XCConfigurationList section */
		5ED8289B2628CC09009F296C /* Build configuration list for PBXProject "InstaRecipe" */ = {
			isa = XCConfigurationList;
			buildConfigurations = (
				5ED828C82628CC0A009F296C /* Debug */,
				5ED828C92628CC0A009F296C /* Release */,
			);
			defaultConfigurationIsVisible = 0;
			defaultConfigurationName = Release;
		};
		5ED828CA2628CC0A009F296C /* Build configuration list for PBXNativeTarget "InstaRecipe" */ = {
			isa = XCConfigurationList;
			buildConfigurations = (
				5ED828CB2628CC0A009F296C /* Debug */,
				5ED828CC2628CC0A009F296C /* Release */,
			);
			defaultConfigurationIsVisible = 0;
			defaultConfigurationName = Release;
		};
		5ED828CD2628CC0A009F296C /* Build configuration list for PBXNativeTarget "InstaRecipeTests" */ = {
			isa = XCConfigurationList;
			buildConfigurations = (
				5ED828CE2628CC0A009F296C /* Debug */,
				5ED828CF2628CC0A009F296C /* Release */,
			);
			defaultConfigurationIsVisible = 0;
			defaultConfigurationName = Release;
		};
		5ED828D02628CC0A009F296C /* Build configuration list for PBXNativeTarget "InstaRecipeUITests" */ = {
			isa = XCConfigurationList;
			buildConfigurations = (
				5ED828D12628CC0A009F296C /* Debug */,
				5ED828D22628CC0A009F296C /* Release */,
			);
			defaultConfigurationIsVisible = 0;
			defaultConfigurationName = Release;
		};
/* End XCConfigurationList section */
	};
	rootObject = 5ED828982628CC09009F296C /* Project object */;
}
